{
  "version": 4,
  "terraform_version": "0.13.0",
  "serial": 1,
  "lineage": "5a1c21ea-180d-1224-0760-558af55278b6",
  "outputs": {},
  "resources": [
    {
      "mode": "managed",
      "type": "aws_lambda_function",
      "name": "test_lambda",
      "provider": "provider[\"registry.terraform.io/hashicorp/aws\"]",
      "instances": [
        {
          "schema_version": 0,
          "attributes": {
            "arn": "arn:aws:lambda:us-east-1:356143132518:function:lambda_function_name",
            "dead_letter_config": [],
            "description": "",
            "environment": [
              {
                "variables": {
                  "foo": "bar"
                }
              }
            ],
            "file_system_config": [],
            "filename": "files/ec2-stop-start.zip",
            "function_name": "lambda_function_name",
            "handler": "exports.test",
            "id": "lambda_function_name",
            "invoke_arn": "arn:aws:apigateway:us-east-1:lambda:path/2015-03-31/functions/arn:aws:lambda:us-east-1:356143132518:function:lambda_function_name/invocations",
            "kms_key_arn": "",
            "last_modified": "2020-08-15T08:44:51.395+0000",
            "layers": null,
            "memory_size": 128,
            "publish": false,
            "qualified_arn": "arn:aws:lambda:us-east-1:356143132518:function:lambda_function_name:$LATEST",
            "reserved_concurrent_executions": -1,
            "role": "arn:aws:iam::356143132518:role/lambda_iam_role",
            "runtime": "python3.8",
            "s3_bucket": null,
            "s3_key": null,
            "s3_object_version": null,
            "source_code_hash": "G+3ZN73GwWWNdFBcaX43dFfAp/hp6IxxwX5enG6t450=",
            "source_code_size": 366,
            "tags": null,
            "timeout": 3,
            "timeouts": null,
            "tracing_config": [
              {
                "mode": "PassThrough"
              }
            ],
            "version": "$LATEST",
            "vpc_config": []
          },
          "private": "eyJlMmJmYjczMC1lY2FhLTExZTYtOGY4OC0zNDM2M2JjN2M0YzAiOnsiY3JlYXRlIjo2MDAwMDAwMDAwMDB9fQ=="
        }
      ]
    }
  ]
}
